
Microsoft Visual Studio Solution File, Format Version 11.00
# Visual Studio 2010
Project("{8BC9CEB8-8B4A-11D0-8D11-00A0C91BC942}") = "IAF_CtpMd", "IAF_CtpMd\IAF_CtpMd.vcxproj", "{BE4A2531-FEE5-4886-8029-C0384EEF616D}"
EndProject
Project("{8BC9CEB8-8B4A-11D0-8D11-00A0C91BC942}") = "IAF_CtpTrade", "IAF_CtpTrade\IAF_CtpTrade.vcxproj", "{AC44197B-A123-44DA-A44C-2B6CA20BB157}"
EndProject
Global
	GlobalSection(SolutionConfigurationPlatforms) = preSolution
		Debug|Win32 = Debug|Win32
		Release|Win32 = Release|Win32
	EndGlobalSection
	GlobalSection(ProjectConfigurationPlatforms) = postSolution
		{BE4A2531-FEE5-4886-8029-C0384EEF616D}.Debug|Win32.ActiveCfg = Debug|Win32
		{BE4A2531-FEE5-4886-8029-C0384EEF616D}.Debug|Win32.Build.0 = Debug|Win32
		{BE4A2531-FEE5-4886-8029-C0384EEF616D}.Release|Win32.ActiveCfg = Release|Win32
		{BE4A2531-FEE5-4886-8029-C0384EEF616D}.Release|Win32.Build.0 = Release|Win32
		{AC44197B-A123-44DA-A44C-2B6CA20BB157}.Debug|Win32.ActiveCfg = Debug|Win32
		{AC44197B-A123-44DA-A44C-2B6CA20BB157}.Debug|Win32.Build.0 = Debug|Win32
		{AC44197B-A123-44DA-A44C-2B6CA20BB157}.Release|Win32.ActiveCfg = Release|Win32
		{AC44197B-A123-44DA-A44C-2B6CA20BB157}.Release|Win32.Build.0 = Release|Win32
	EndGlobalSection
	GlobalSection(SolutionProperties) = preSolution
		HideSolutionNode = FALSE
	EndGlobalSection
EndGlobal
